// !$*UTF8*$!
{
	archiveVersion = 1;
	classes = {
	};
	objectVersion = 50;
	objects = {

/* Begin PBXBuildFile section */
		0F089DB92270AF220062F711 /* Photo.swift in Sources */ = {isa = PBXBuildFile; fileRef = 0F089DB82270AF220062F711 /* Photo.swift */; };
		0F089DBB2270AFAD0062F711 /* CurPhoto.swift in Sources */ = {isa = PBXBuildFile; fileRef = 0F089DBA2270AFAD0062F711 /* CurPhoto.swift */; };
		0FBC306F226F1A5D00911F08 /* AppDelegate.swift in Sources */ = {isa = PBXBuildFile; fileRef = 0FBC306E226F1A5D00911F08 /* AppDelegate.swift */; };
		0FBC3074226F1A5D00911F08 /* Main.storyboard in Resources */ = {isa = PBXBuildFile; fileRef = 0FBC3072226F1A5D00911F08 /* Main.storyboard */; };
		0FBC3076226F1A6000911F08 /* Assets.xcassets in Resources */ = {isa = PBXBuildFile; fileRef = 0FBC3075226F1A6000911F08 /* Assets.xcassets */; };
		0FBC308D226F1FB200911F08 /* PhotoList.swift in Sources */ = {isa = PBXBuildFile; fileRef = 0FBC308C226F1FB200911F08 /* PhotoList.swift */; };
		0FBC308F226F2B9B00911F08 /* DataProvider.swift in Sources */ = {isa = PBXBuildFile; fileRef = 0FBC308E226F2B9B00911F08 /* DataProvider.swift */; };
		0FBC3091226F2F4200911F08 /* API.swift in Sources */ = {isa = PBXBuildFile; fileRef = 0FBC3090226F2F4200911F08 /* API.swift */; };
		0FBC3095227091F600911F08 /* PhotoCell.swift in Sources */ = {isa = PBXBuildFile; fileRef = 0FBC3094227091F600911F08 /* PhotoCell.swift */; };
/* End PBXBuildFile section */

/* Begin PBXFileReference section */
		0F089DB82270AF220062F711 /* Photo.swift */ = {isa = PBXFileReference; lastKnownFileType = sourcecode.swift; path = Photo.swift; sourceTree = "<group>"; };
		0F089DBA2270AFAD0062F711 /* CurPhoto.swift */ = {isa = PBXFileReference; lastKnownFileType = sourcecode.swift; path = CurPhoto.swift; sourceTree = "<group>"; };
		0FBC306B226F1A5D00911F08 /* iFlickr.app */ = {isa = PBXFileReference; explicitFileType = wrapper.application; includeInIndex = 0; path = iFlickr.app; sourceTree = BUILT_PRODUCTS_DIR; };
		0FBC306E226F1A5D00911F08 /* AppDelegate.swift */ = {isa = PBXFileReference; lastKnownFileType = sourcecode.swift; path = AppDelegate.swift; sourceTree = "<group>"; };
		0FBC3073226F1A5D00911F08 /* Base */ = {isa = PBXFileReference; lastKnownFileType = file.storyboard; name = Base; path = Base.lproj/Main.storyboard; sourceTree = "<group>"; };
		0FBC3075226F1A6000911F08 /* Assets.xcassets */ = {isa = PBXFileReference; lastKnownFileType = folder.assetcatalog; path = Assets.xcassets; sourceTree = "<group>"; };
		0FBC307A226F1A6000911F08 /* Info.plist */ = {isa = PBXFileReference; lastKnownFileType = text.plist.xml; path = Info.plist; sourceTree = "<group>"; };
		0FBC308C226F1FB200911F08 /* PhotoList.swift */ = {isa = PBXFileReference; lastKnownFileType = sourcecode.swift; path = PhotoList.swift; sourceTree = "<group>"; };
		0FBC308E226F2B9B00911F08 /* DataProvider.swift */ = {isa = PBXFileReference; lastKnownFileType = sourcecode.swift; path = DataProvider.swift; sourceTree = "<group>"; };
		0FBC3090226F2F4200911F08 /* API.swift */ = {isa = PBXFileReference; lastKnownFileType = sourcecode.swift; path = API.swift; sourceTree = "<group>"; };
		0FBC3094227091F600911F08 /* PhotoCell.swift */ = {isa = PBXFileReference; lastKnownFileType = sourcecode.swift; path = PhotoCell.swift; sourceTree = "<group>"; };
/* End PBXFileReference section */

/* Begin PBXFrameworksBuildPhase section */
		0FBC3068226F1A5D00911F08 /* Frameworks */ = {
			isa = PBXFrameworksBuildPhase;
			buildActionMask = 2147483647;
			files = (
			);
			runOnlyForDeploymentPostprocessing = 0;
		};
/* End PBXFrameworksBuildPhase section */

/* Begin PBXGroup section */
		0FBC3062226F1A5D00911F08 = {
			isa = PBXGroup;
			children = (
				0FBC306D226F1A5D00911F08 /* iFlickr */,
				0FBC306C226F1A5D00911F08 /* Products */,
			);
			sourceTree = "<group>";
		};
		0FBC306C226F1A5D00911F08 /* Products */ = {
			isa = PBXGroup;
			children = (
				0FBC306B226F1A5D00911F08 /* iFlickr.app */,
			);
			name = Products;
			sourceTree = "<group>";
		};
		0FBC306D226F1A5D00911F08 /* iFlickr */ = {
			isa = PBXGroup;
			children = (
				0FBC3089226F1B8500911F08 /* Model */,
				0FBC3087226F1B7100911F08 /* View */,
				0FBC3084226F1B3000911F08 /* Controller */,
				0FBC3080226F1B0000911F08 /* API */,
				0FBC306E226F1A5D00911F08 /* AppDelegate.swift */,
				0FBC3075226F1A6000911F08 /* Assets.xcassets */,
				0FBC307A226F1A6000911F08 /* Info.plist */,
			);
			path = iFlickr;
			sourceTree = "<group>";
		};
		0FBC3080226F1B0000911F08 /* API */ = {
			isa = PBXGroup;
			children = (
				0FBC308E226F2B9B00911F08 /* DataProvider.swift */,
				0FBC3090226F2F4200911F08 /* API.swift */,
			);
			name = API;
			sourceTree = "<group>";
		};
		0FBC3084226F1B3000911F08 /* Controller */ = {
			isa = PBXGroup;
			children = (
				0FBC308C226F1FB200911F08 /* PhotoList.swift */,
				0F089DBA2270AFAD0062F711 /* CurPhoto.swift */,
			);
			name = Controller;
			sourceTree = "<group>";
		};
		0FBC3087226F1B7100911F08 /* View */ = {
			isa = PBXGroup;
			children = (
				0FBC3072226F1A5D00911F08 /* Main.storyboard */,
				0FBC3094227091F600911F08 /* PhotoCell.swift */,
			);
			name = View;
			sourceTree = "<group>";
		};
		0FBC3089226F1B8500911F08 /* Model */ = {
			isa = PBXGroup;
			children = (
				0F089DB82270AF220062F711 /* Photo.swift */,
			);
			name = Model;
			sourceTree = "<group>";
		};
/* End PBXGroup section */

/* Begin PBXNativeTarget section */
		0FBC306A226F1A5D00911F08 /* iFlickr */ = {
			isa = PBXNativeTarget;
			buildConfigurationList = 0FBC307D226F1A6000911F08 /* Build configuration list for PBXNativeTarget "iFlickr" */;
			buildPhases = (
				0FBC3067226F1A5D00911F08 /* Sources */,
				0FBC3068226F1A5D00911F08 /* Frameworks */,
				0FBC3069226F1A5D00911F08 /* Resources */,
			);
			buildRules = (
			);
			dependencies = (
			);
			name = iFlickr;
			productName = iFlickr;
			productReference = 0FBC306B226F1A5D00911F08 /* iFlickr.app */;
			productType = "com.apple.product-type.application";
		};
/* End PBXNativeTarget section */

/* Begin PBXProject section */
		0FBC3063226F1A5D00911F08 /* Project object */ = {
			isa = PBXProject;
			attributes = {
				LastSwiftUpdateCheck = 1010;
				LastUpgradeCheck = 1010;
				ORGANIZATIONNAME = dev;
				TargetAttributes = {
					0FBC306A226F1A5D00911F08 = {
						CreatedOnToolsVersion = 10.1;
					};
				};
			};
			buildConfigurationList = 0FBC3066226F1A5D00911F08 /* Build configuration list for PBXProject "iFlickr" */;
			compatibilityVersion = "Xcode 9.3";
			developmentRegion = en;
			hasScannedForEncodings = 0;
			knownRegions = (
				en,
				Base,
			);
			mainGroup = 0FBC3062226F1A5D00911F08;
			productRefGroup = 0FBC306C226F1A5D00911F08 /* Products */;
			projectDirPath = "";
			projectRoot = "";
			targets = (
				0FBC306A226F1A5D00911F08 /* iFlickr */,
			);
		};
/* End PBXProject section */

/* Begin PBXResourcesBuildPhase section */
		0FBC3069226F1A5D00911F08 /* Resources */ = {
			isa = PBXResourcesBuildPhase;
			buildActionMask = 2147483647;
			files = (
				0FBC3076226F1A6000911F08 /* Assets.xcassets in Resources */,
				0FBC3074226F1A5D00911F08 /* Main.storyboard in Resources */,
			);
			runOnlyForDeploymentPostprocessing = 0;
		};
/* End PBXResourcesBuildPhase section */

/* Begin PBXSourcesBuildPhase section */
		0FBC3067226F1A5D00911F08 /* Sources */ = {
			isa = PBXSourcesBuildPhase;
			buildActionMask = 2147483647;
			files = (
				0F089DB92270AF220062F711 /* Photo.swift in Sources */,
				0FBC306F226F1A5D00911F08 /* AppDelegate.swift in Sources */,
				0FBC308D226F1FB200911F08 /* PhotoList.swift in Sources */,
				0FBC3091226F2F4200911F08 /* API.swift in Sources */,
				0F089DBB2270AFAD0062F711 /* CurPhoto.swift in Sources */,
				0FBC308F226F2B9B00911F08 /* DataProvider.swift in Sources */,
				0FBC3095227091F600911F08 /* PhotoCell.swift in Sources */,
			);
			runOnlyForDeploymentPostprocessing = 0;
		};
/* End PBXSourcesBuildPhase section */

/* Begin PBXVariantGroup section */
		0FBC3072226F1A5D00911F08 /* Main.storyboard */ = {
			isa = PBXVariantGroup;
			children = (
				0FBC3073226F1A5D00911F08 /* Base */,
			);
			name = Main.storyboard;
			sourceTree = "<group>";
		};
/* End PBXVariantGroup section */

/* Begin XCBuildConfiguration section */
		0FBC307B226F1A6000911F08 /* Debug */ = {
			isa = XCBuildConfiguration;
			buildSettings = {
				ALWAYS_SEARCH_USER_PATHS = NO;
				CLANG_ANALYZER_NONNULL = YES;
				CLANG_ANALYZER_NUMBER_OBJECT_CONVERSION = YES_AGGRESSIVE;
				CLANG_CXX_LANGUAGE_STANDARD = "gnu++14";
				CLANG_CXX_LIBRARY = "libc++";
				CLANG_ENABLE_MODULES = YES;
				CLANG_ENABLE_OBJC_ARC = YES;
				CLANG_ENABLE_OBJC_WEAK = YES;
				CLANG_WARN_BLOCK_CAPTURE_AUTORELEASING = YES;
				CLANG_WARN_BOOL_CONVERSION = YES;
				CLANG_WARN_COMMA = YES;
				CLANG_WARN_CONSTANT_CONVERSION = YES;
				CLANG_WARN_DEPRECATED_OBJC_IMPLEMENTATIONS = YES;
				CLANG_WARN_DIRECT_OBJC_ISA_USAGE = YES_ERROR;
				CLANG_WARN_DOCUMENTATION_COMMENTS = YES;
				CLANG_WARN_EMPTY_BODY = YES;
				CLANG_WARN_ENUM_CONVERSION = YES;
				CLANG_WARN_INFINITE_RECURSION = YES;
				CLANG_WARN_INT_CONVERSION = YES;
				CLANG_WARN_NON_LITERAL_NULL_CONVERSION = YES;
				CLANG_WARN_OBJC_IMPLICIT_RETAIN_SELF = YES;
				CLANG_WARN_OBJC_LITERAL_CONVERSION = YES;
				CLANG_WARN_OBJC_ROOT_CLASS = YES_ERROR;
				CLANG_WARN_RANGE_LOOP_ANALYSIS = YES;
				CLANG_WARN_STRICT_PROTOTYPES = YES;
				CLANG_WARN_SUSPICIOUS_MOVE = YES;
				CLANG_WARN_UNGUARDED_AVAILABILITY = YES_AGGRESSIVE;
				CLANG_WARN_UNREACHABLE_CODE = YES;
				CLANG_WARN__DUPLICATE_METHOD_MATCH = YES;
				CODE_SIGN_IDENTITY = "iPhone Developer";
				COPY_PHASE_STRIP = NO;
				DEBUG_INFORMATION_FORMAT = dwarf;
				ENABLE_STRICT_OBJC_MSGSEND = YES;
				ENABLE_TESTABILITY = YES;
				GCC_C_LANGUAGE_STANDARD = gnu11;
				GCC_DYNAMIC_NO_PIC = NO;
				GCC_NO_COMMON_BLOCKS = YES;
				GCC_OPTIMIZATION_LEVEL = 0;
				GCC_PREPROCESSOR_DEFINITIONS = (
					"DEBUG=1",
					"$(inherited)",
				);
				GCC_WARN_64_TO_32_BIT_CONVERSION = YES;
				GCC_WARN_ABOUT_RETURN_TYPE = YES_ERROR;
				GCC_WARN_UNDECLARED_SELECTOR = YES;
				GCC_WARN_UNINITIALIZED_AUTOS = YES_AGGRESSIVE;
				GCC_WARN_UNUSED_FUNCTION = YES;
				GCC_WARN_UNUSED_VARIABLE = YES;
				IPHONEOS_DEPLOYMENT_TARGET = 12.1;
				MTL_ENABLE_DEBUG_INFO = INCLUDE_SOURCE;
				MTL_FAST_MATH = YES;
				ONLY_ACTIVE_ARCH = YES;
				SDKROOT = iphoneos;
				SWIFT_ACTIVE_COMPILATION_CONDITIONS = DEBUG;
				SWIFT_OPTIMIZATION_LEVEL = "-Onone";
			};
			name = Debug;
		};
		0FBC307C226F1A6000911F08 /* Release */ = {
			isa = XCBuildConfiguration;
			buildSettings = {
				ALWAYS_SEARCH_USER_PATHS = NO;
				CLANG_ANALYZER_NONNULL = YES;
				CLANG_ANALYZER_NUMBER_OBJECT_CONVERSION = YES_AGGRESSIVE;
				CLANG_CXX_LANGUAGE_STANDARD = "gnu++14";
				CLANG_CXX_LIBRARY = "libc++";
				CLANG_ENABLE_MODULES = YES;
				CLANG_ENABLE_OBJC_ARC = YES;
				CLANG_ENABLE_OBJC_WEAK = YES;
				CLANG_WARN_BLOCK_CAPTURE_AUTORELEASING = YES;
				CLANG_WARN_BOOL_CONVERSION = YES;
				CLANG_WARN_COMMA = YES;
				CLANG_WARN_CONSTANT_CONVERSION = YES;
				CLANG_WARN_DEPRECATED_OBJC_IMPLEMENTATIONS = YES;
				CLANG_WARN_DIRECT_OBJC_ISA_USAGE = YES_ERROR;
				CLANG_WARN_DOCUMENTATION_COMMENTS = YES;
				CLANG_WARN_EMPTY_BODY = YES;
				CLANG_WARN_ENUM_CONVERSION = YES;
				CLANG_WARN_INFINITE_RECURSION = YES;
				CLANG_WARN_INT_CONVERSION = YES;
				CLANG_WARN_NON_LITERAL_NULL_CONVERSION = YES;
				CLANG_WARN_OBJC_IMPLICIT_RETAIN_SELF = YES;
				CLANG_WARN_OBJC_LITERAL_CONVERSION = YES;
				CLANG_WARN_OBJC_ROOT_CLASS = YES_ERROR;
				CLANG_WARN_RANGE_LOOP_ANALYSIS = YES;
				CLANG_WARN_STRICT_PROTOTYPES = YES;
				CLANG_WARN_SUSPICIOUS_MOVE = YES;
				CLANG_WARN_UNGUARDED_AVAILABILITY = YES_AGGRESSIVE;
				CLANG_WARN_UNREACHABLE_CODE = YES;
				CLANG_WARN__DUPLICATE_METHOD_MATCH = YES;
				CODE_SIGN_IDENTITY = "iPhone Developer";
				COPY_PHASE_STRIP = NO;
				DEBUG_INFORMATION_FORMAT = "dwarf-with-dsym";
				ENABLE_NS_ASSERTIONS = NO;
				ENABLE_STRICT_OBJC_MSGSEND = YES;
				GCC_C_LANGUAGE_STANDARD = gnu11;
				GCC_NO_COMMON_BLOCKS = YES;
				GCC_WARN_64_TO_32_BIT_CONVERSION = YES;
				GCC_WARN_ABOUT_RETURN_TYPE = YES_ERROR;
				GCC_WARN_UNDECLARED_SELECTOR = YES;
				GCC_WARN_UNINITIALIZED_AUTOS = YES_AGGRESSIVE;
				GCC_WARN_UNUSED_FUNCTION = YES;
				GCC_WARN_UNUSED_VARIABLE = YES;
				IPHONEOS_DEPLOYMENT_TARGET = 12.1;
				MTL_ENABLE_DEBUG_INFO = NO;
				MTL_FAST_MATH = YES;
				SDKROOT = iphoneos;
				SWIFT_COMPILATION_MODE = wholemodule;
				SWIFT_OPTIMIZATION_LEVEL = "-O";
				VALIDATE_PRODUCT = YES;
			};
			name = Release;
		};
		0FBC307E226F1A6000911F08 /* Debug */ = {
			isa = XCBuildConfiguration;
			buildSettings = {
				ASSETCATALOG_COMPILER_APPICON_NAME = AppIcon;
				CODE_SIGN_STYLE = Automatic;
				DEVELOPMENT_TEAM = 4LGE2U7FDN;
				INFOPLIST_FILE = iFlickr/Info.plist;
				LD_RUNPATH_SEARCH_PATHS = (
					"$(inherited)",
					"@executable_path/Frameworks",
				);
				PRODUCT_BUNDLE_IDENTIFIER = ru.dev.iFlickr;
				PRODUCT_NAME = "$(TARGET_NAME)";
				SWIFT_VERSION = 4.2;
				TARGETED_DEVICE_FAMILY = "1,2";
			};
			name = Debug;
		};
		0FBC307F226F1A6000911F08 /* Release */ = {
			isa = XCBuildConfiguration;
			buildSettings = {
				ASSETCATALOG_COMPILER_APPICON_NAME = AppIcon;
				CODE_SIGN_STYLE = Automatic;
				DEVELOPMENT_TEAM = 4LGE2U7FDN;
				INFOPLIST_FILE = iFlickr/Info.plist;
				LD_RUNPATH_SEARCH_PATHS = (
					"$(inherited)",
					"@executable_path/Frameworks",
				);
				PRODUCT_BUNDLE_IDENTIFIER = ru.dev.iFlickr;
				PRODUCT_NAME = "$(TARGET_NAME)";
				SWIFT_VERSION = 4.2;
				TARGETED_DEVICE_FAMILY = "1,2";
			};
			name = Release;
		};
/* End XCBuildConfiguration section */

/* Begin XCConfigurationList section */
		0FBC3066226F1A5D00911F08 /* Build configuration list for PBXProject "iFlickr" */ = {
			isa = XCConfigurationList;
			buildConfigurations = (
				0FBC307B226F1A6000911F08 /* Debug */,
				0FBC307C226F1A6000911F08 /* Release */,
			);
			defaultConfigurationIsVisible = 0;
			defaultConfigurationName = Release;
		};
		0FBC307D226F1A6000911F08 /* Build configuration list for PBXNativeTarget "iFlickr" */ = {
			isa = XCConfigurationList;
			buildConfigurations = (
				0FBC307E226F1A6000911F08 /* Debug */,
				0FBC307F226F1A6000911F08 /* Release */,
			);
			defaultConfigurationIsVisible = 0;
			defaultConfigurationName = Release;
		};
/* End XCConfigurationList section */
	};
	rootObject = 0FBC3063226F1A5D00911F08 /* Project object */;
}
